<?xml version="1.0" encoding="utf-8"?>
<Project ToolsVersion="4.0" xmlns="http://schemas.microsoft.com/developer/msbuild/2003">
  <ItemGroup>
    <Filter Include="Source Files">
      <UniqueIdentifier>{4FC737F1-C7A5-4376-A066-2A32D752A2FF}</UniqueIdentifier>
      <Extensions>cpp;c;cc;cxx;def;odl;idl;hpj;bat;asm;asmx</Extensions>
    </Filter>
    <Filter Include="Header Files">
      <UniqueIdentifier>{93995380-89BD-4b04-88EB-625FBE52EBFB}</UniqueIdentifier>
      <Extensions>h;hpp;hxx;hm;inl;inc;xsd</Extensions>
    </Filter>
    <Filter Include="Resource Files">
      <UniqueIdentifier>{67DA6AB6-F800-4c08-8B7A-83BB121AAD01}</UniqueIdentifier>
      <Extensions>rc;ico;cur;bmp;dlg;rc2;rct;bin;rgs;gif;jpg;jpeg;jpe;resx;tiff;tif;png;wav;mfcribbon-ms</Extensions>
    </Filter>
  </ItemGroup>
  <ItemGroup>
    <ClInclude Include="SgWrite.h">
      <Filter>Header Files</Filter>
    </ClInclude>
    <ClInclude Include="SgArray.h">
      <Filter>Header Files</Filter>
    </ClInclude>
    <ClInclude Include="SgBlackWhite.h">
      <Filter>Header Files</Filter>
    </ClInclude>
    <ClInclude Include="SgBoardColor.h">
      <Filter>Header Files</Filter>
    </ClInclude>
    <ClInclude Include="SgBoardConst.h">
      <Filter>Header Files</Filter>
    </ClInclude>
    <ClInclude Include="SgBWArray.h">
      <Filter>Header Files</Filter>
    </ClInclude>
    <ClInclude Include="SgBWSet.h">
      <Filter>Header Files</Filter>
    </ClInclude>
    <ClInclude Include="SgCmdLineOpt.h">
      <Filter>Header Files</Filter>
    </ClInclude>
    <ClInclude Include="SgConnCompIterator.h">
      <Filter>Header Files</Filter>
    </ClInclude>
    <ClInclude Include="SgDebug.h">
      <Filter>Header Files</Filter>
    </ClInclude>
    <ClInclude Include="SgEBWArray.h">
      <Filter>Header Files</Filter>
    </ClInclude>
    <ClInclude Include="SgEvaluatedMoves.h">
      <Filter>Header Files</Filter>
    </ClInclude>
    <ClInclude Include="SgException.h">
      <Filter>Header Files</Filter>
    </ClInclude>
    <ClInclude Include="SgFastLog.h">
      <Filter>Header Files</Filter>
    </ClInclude>
    <ClInclude Include="SgGameReader.h">
      <Filter>Header Files</Filter>
    </ClInclude>
    <ClInclude Include="SgGameWriter.h">
      <Filter>Header Files</Filter>
    </ClInclude>
    <ClInclude Include="SgGtpClient.h">
      <Filter>Header Files</Filter>
    </ClInclude>
    <ClInclude Include="SgGtpUtil.h">
      <Filter>Header Files</Filter>
    </ClInclude>
    <ClInclude Include="SgHash.h">
      <Filter>Header Files</Filter>
    </ClInclude>
    <ClInclude Include="SgHashTable.h">
      <Filter>Header Files</Filter>
    </ClInclude>
    <ClInclude Include="SgIncrementalStack.h">
      <Filter>Header Files</Filter>
    </ClInclude>
    <ClInclude Include="SgInit.h">
      <Filter>Header Files</Filter>
    </ClInclude>
    <ClInclude Include="SgMarker.h">
      <Filter>Header Files</Filter>
    </ClInclude>
    <ClInclude Include="SgMath.h">
      <Filter>Header Files</Filter>
    </ClInclude>
    <ClInclude Include="SgMemCheck.h">
      <Filter>Header Files</Filter>
    </ClInclude>
    <ClInclude Include="SgMiaiMap.h">
      <Filter>Header Files</Filter>
    </ClInclude>
    <ClInclude Include="SgMiaiStrategy.h">
      <Filter>Header Files</Filter>
    </ClInclude>
    <ClInclude Include="SgMove.h">
      <Filter>Header Files</Filter>
    </ClInclude>
    <ClInclude Include="SgMpiSynchronizer.h">
      <Filter>Header Files</Filter>
    </ClInclude>
    <ClInclude Include="SgNbIterator.h">
      <Filter>Header Files</Filter>
    </ClInclude>
    <ClInclude Include="SgNode.h">
      <Filter>Header Files</Filter>
    </ClInclude>
    <ClInclude Include="SgNodeUtil.h">
      <Filter>Header Files</Filter>
    </ClInclude>
    <ClInclude Include="SgPoint.h">
      <Filter>Header Files</Filter>
    </ClInclude>
    <ClInclude Include="SgPointArray.h">
      <Filter>Header Files</Filter>
    </ClInclude>
    <ClInclude Include="SgPointIterator.h">
      <Filter>Header Files</Filter>
    </ClInclude>
    <ClInclude Include="SgPointSet.h">
      <Filter>Header Files</Filter>
    </ClInclude>
    <ClInclude Include="SgPointSetUtil.h">
      <Filter>Header Files</Filter>
    </ClInclude>
    <ClInclude Include="SgProbCut.h">
      <Filter>Header Files</Filter>
    </ClInclude>
    <ClInclude Include="SgProp.h">
      <Filter>Header Files</Filter>
    </ClInclude>
    <ClInclude Include="SgRandom.h">
      <Filter>Header Files</Filter>
    </ClInclude>
    <ClInclude Include="SgRect.h">
      <Filter>Header Files</Filter>
    </ClInclude>
    <ClInclude Include="SgRestorer.h">
      <Filter>Header Files</Filter>
    </ClInclude>
    <ClInclude Include="SgSearch.h">
      <Filter>Header Files</Filter>
    </ClInclude>
    <ClInclude Include="SgSearchControl.h">
      <Filter>Header Files</Filter>
    </ClInclude>
    <ClInclude Include="SgSearchStatistics.h">
      <Filter>Header Files</Filter>
    </ClInclude>
    <ClInclude Include="SgSearchTracer.h">
      <Filter>Header Files</Filter>
    </ClInclude>
    <ClInclude Include="SgSearchValue.h">
      <Filter>Header Files</Filter>
    </ClInclude>
    <ClInclude Include="SgSList.h">
      <Filter>Header Files</Filter>
    </ClInclude>
    <ClInclude Include="SgSortedArray.h">
      <Filter>Header Files</Filter>
    </ClInclude>
    <ClInclude Include="SgSortedMoves.h">
      <Filter>Header Files</Filter>
    </ClInclude>
    <ClInclude Include="SgStack.h">
      <Filter>Header Files</Filter>
    </ClInclude>
    <ClInclude Include="SgStatistics.h">
      <Filter>Header Files</Filter>
    </ClInclude>
    <ClInclude Include="SgStrategy.h">
      <Filter>Header Files</Filter>
    </ClInclude>
    <ClInclude Include="SgStringUtil.h">
      <Filter>Header Files</Filter>
    </ClInclude>
    <ClInclude Include="SgSystem.h">
      <Filter>Header Files</Filter>
    </ClInclude>
    <ClInclude Include="SgTimeControl.h">
      <Filter>Header Files</Filter>
    </ClInclude>
    <ClInclude Include="SgTimer.h">
      <Filter>Header Files</Filter>
    </ClInclude>
    <ClInclude Include="SgTimeRecord.h">
      <Filter>Header Files</Filter>
    </ClInclude>
    <ClInclude Include="SgUctSearch.h">
      <Filter>Header Files</Filter>
    </ClInclude>
    <ClInclude Include="SgUctTree.h">
      <Filter>Header Files</Filter>
    </ClInclude>
    <ClInclude Include="SgUctTreeUtil.h">
      <Filter>Header Files</Filter>
    </ClInclude>
    <ClInclude Include="SgUtil.h">
      <Filter>Header Files</Filter>
    </ClInclude>
    <ClInclude Include="SgVector.h">
      <Filter>Header Files</Filter>
    </ClInclude>
    <ClInclude Include="SgVectorUtility.h">
      <Filter>Header Files</Filter>
    </ClInclude>
    <ClInclude Include="SgTime.h">
      <Filter>Header Files</Filter>
    </ClInclude>
    <ClInclude Include="WinFuego04_linux2win.h">
      <Filter>Header Files</Filter>
    </ClInclude>
    <ClInclude Include="SgGtpCommands.h">
      <Filter>Header Files</Filter>
    </ClInclude>
  </ItemGroup>
  <ItemGroup>
    <ClCompile Include="SgWrite.cpp">
      <Filter>Source Files</Filter>
    </ClCompile>
    <ClCompile Include="SgBoardConst.cpp">
      <Filter>Source Files</Filter>
    </ClCompile>
    <ClCompile Include="SgCmdLineOpt.cpp">
      <Filter>Source Files</Filter>
    </ClCompile>
    <ClCompile Include="SgConnCompIterator.cpp">
      <Filter>Source Files</Filter>
    </ClCompile>
    <ClCompile Include="SgDebug.cpp">
      <Filter>Source Files</Filter>
    </ClCompile>
    <ClCompile Include="SgEvaluatedMoves.cpp">
      <Filter>Source Files</Filter>
    </ClCompile>
    <ClCompile Include="SgException.cpp">
      <Filter>Source Files</Filter>
    </ClCompile>
    <ClCompile Include="SgFastLog.cpp">
      <Filter>Source Files</Filter>
    </ClCompile>
    <ClCompile Include="SgGameReader.cpp">
      <Filter>Source Files</Filter>
    </ClCompile>
    <ClCompile Include="SgGameWriter.cpp">
      <Filter>Source Files</Filter>
    </ClCompile>
    <ClCompile Include="SgGtpClient.cpp">
      <Filter>Source Files</Filter>
    </ClCompile>
    <ClCompile Include="SgGtpUtil.cpp">
      <Filter>Source Files</Filter>
    </ClCompile>
    <ClCompile Include="SgIncrementalStack.cpp">
      <Filter>Source Files</Filter>
    </ClCompile>
    <ClCompile Include="SgInit.cpp">
      <Filter>Source Files</Filter>
    </ClCompile>
    <ClCompile Include="SgMemCheck.cpp">
      <Filter>Source Files</Filter>
    </ClCompile>
    <ClCompile Include="SgMiaiMap.cpp">
      <Filter>Source Files</Filter>
    </ClCompile>
    <ClCompile Include="SgMiaiStrategy.cpp">
      <Filter>Source Files</Filter>
    </ClCompile>
    <ClCompile Include="SgMpiSynchronizer.cpp">
      <Filter>Source Files</Filter>
    </ClCompile>
    <ClCompile Include="SgNbIterator.cpp">
      <Filter>Source Files</Filter>
    </ClCompile>
    <ClCompile Include="SgNode.cpp">
      <Filter>Source Files</Filter>
    </ClCompile>
    <ClCompile Include="SgNodeUtil.cpp">
      <Filter>Source Files</Filter>
    </ClCompile>
    <ClCompile Include="SgPoint.cpp">
      <Filter>Source Files</Filter>
    </ClCompile>
    <ClCompile Include="SgPointSet.cpp">
      <Filter>Source Files</Filter>
    </ClCompile>
    <ClCompile Include="SgPointSetUtil.cpp">
      <Filter>Source Files</Filter>
    </ClCompile>
    <ClCompile Include="SgProbCut.cpp">
      <Filter>Source Files</Filter>
    </ClCompile>
    <ClCompile Include="SgProp.cpp">
      <Filter>Source Files</Filter>
    </ClCompile>
    <ClCompile Include="SgRandom.cpp">
      <Filter>Source Files</Filter>
    </ClCompile>
    <ClCompile Include="SgRect.cpp">
      <Filter>Source Files</Filter>
    </ClCompile>
    <ClCompile Include="SgSearch.cpp">
      <Filter>Source Files</Filter>
    </ClCompile>
    <ClCompile Include="SgSearchControl.cpp">
      <Filter>Source Files</Filter>
    </ClCompile>
    <ClCompile Include="SgSearchStatistics.cpp">
      <Filter>Source Files</Filter>
    </ClCompile>
    <ClCompile Include="SgSearchTracer.cpp">
      <Filter>Source Files</Filter>
    </ClCompile>
    <ClCompile Include="SgSearchValue.cpp">
      <Filter>Source Files</Filter>
    </ClCompile>
    <ClCompile Include="SgStrategy.cpp">
      <Filter>Source Files</Filter>
    </ClCompile>
    <ClCompile Include="SgStringUtil.cpp">
      <Filter>Source Files</Filter>
    </ClCompile>
    <ClCompile Include="SgSystem.cpp">
      <Filter>Source Files</Filter>
    </ClCompile>
    <ClCompile Include="SgTimeControl.cpp">
      <Filter>Source Files</Filter>
    </ClCompile>
    <ClCompile Include="SgTimeRecord.cpp">
      <Filter>Source Files</Filter>
    </ClCompile>
    <ClCompile Include="SgUctSearch.cpp">
      <Filter>Source Files</Filter>
    </ClCompile>
    <ClCompile Include="SgUctTree.cpp">
      <Filter>Source Files</Filter>
    </ClCompile>
    <ClCompile Include="SgUctTreeUtil.cpp">
      <Filter>Source Files</Filter>
    </ClCompile>
    <ClCompile Include="SgUtil.cpp">
      <Filter>Source Files</Filter>
    </ClCompile>
    <ClCompile Include="SgVectorUtility.cpp">
      <Filter>Source Files</Filter>
    </ClCompile>
    <ClCompile Include="SgTime.cpp">
      <Filter>Source Files</Filter>
    </ClCompile>
    <ClCompile Include="WinFuego04_linux2win.cpp">
      <Filter>Source Files</Filter>
    </ClCompile>
    <ClCompile Include="SgGtpCommands.cpp">
      <Filter>Source Files</Filter>
    </ClCompile>
  </ItemGroup>
</Project>