<?xml version="1.0" encoding="utf-8"?>
<Project ToolsVersion="4.0" xmlns="http://schemas.microsoft.com/developer/msbuild/2003">
  <ItemGroup>
    <Filter Include="Source Files">
      <UniqueIdentifier>{4FC737F1-C7A5-4376-A066-2A32D752A2FF}</UniqueIdentifier>
      <Extensions>cpp;c;cc;cxx;def;odl;idl;hpj;bat;asm;asmx</Extensions>
    </Filter>
    <Filter Include="Header Files">
      <UniqueIdentifier>{93995380-89BD-4b04-88EB-625FBE52EBFB}</UniqueIdentifier>
      <Extensions>h;hpp;hxx;hm;inl;inc;xsd</Extensions>
    </Filter>
    <Filter Include="Resource Files">
      <UniqueIdentifier>{67DA6AB6-F800-4c08-8B7A-83BB121AAD01}</UniqueIdentifier>
      <Extensions>rc;ico;cur;bmp;dlg;rc2;rct;bin;rgs;gif;jpg;jpeg;jpe;resx;tiff;tif;png;wav;mfcribbon-ms</Extensions>
    </Filter>
  </ItemGroup>
  <ItemGroup>
    <ClInclude Include="GoUtil.h">
      <Filter>Header Files</Filter>
    </ClInclude>
    <ClInclude Include="GoAssertBoardRestored.h">
      <Filter>Header Files</Filter>
    </ClInclude>
    <ClInclude Include="GoBensonSolver.h">
      <Filter>Header Files</Filter>
    </ClInclude>
    <ClInclude Include="GoBlock.h">
      <Filter>Header Files</Filter>
    </ClInclude>
    <ClInclude Include="GoBoard.h">
      <Filter>Header Files</Filter>
    </ClInclude>
    <ClInclude Include="GoBoardCheckPerformance.h">
      <Filter>Header Files</Filter>
    </ClInclude>
    <ClInclude Include="GoBoardHistory.h">
      <Filter>Header Files</Filter>
    </ClInclude>
    <ClInclude Include="GoBoardRestorer.h">
      <Filter>Header Files</Filter>
    </ClInclude>
    <ClInclude Include="GoBoardSynchronizer.h">
      <Filter>Header Files</Filter>
    </ClInclude>
    <ClInclude Include="GoBoardUpdater.h">
      <Filter>Header Files</Filter>
    </ClInclude>
    <ClInclude Include="GoBoardUtil.h">
      <Filter>Header Files</Filter>
    </ClInclude>
    <ClInclude Include="GoBook.h">
      <Filter>Header Files</Filter>
    </ClInclude>
    <ClInclude Include="GoChain.h">
      <Filter>Header Files</Filter>
    </ClInclude>
    <ClInclude Include="GoEyeCount.h">
      <Filter>Header Files</Filter>
    </ClInclude>
    <ClInclude Include="GoEyeUtil.h">
      <Filter>Header Files</Filter>
    </ClInclude>
    <ClInclude Include="GoGame.h">
      <Filter>Header Files</Filter>
    </ClInclude>
    <ClInclude Include="GoGtpCommandUtil.h">
      <Filter>Header Files</Filter>
    </ClInclude>
    <ClInclude Include="GoGtpEngine.h">
      <Filter>Header Files</Filter>
    </ClInclude>
    <ClInclude Include="GoGtpExtraCommands.h">
      <Filter>Header Files</Filter>
    </ClInclude>
    <ClInclude Include="GoGtpTimeSettings.h">
      <Filter>Header Files</Filter>
    </ClInclude>
    <ClInclude Include="GoInfluence.h">
      <Filter>Header Files</Filter>
    </ClInclude>
    <ClInclude Include="GoInit.h">
      <Filter>Header Files</Filter>
    </ClInclude>
    <ClInclude Include="GoKomi.h">
      <Filter>Header Files</Filter>
    </ClInclude>
    <ClInclude Include="GoLadder.h">
      <Filter>Header Files</Filter>
    </ClInclude>
    <ClInclude Include="GoModBoard.h">
      <Filter>Header Files</Filter>
    </ClInclude>
    <ClInclude Include="GoMotive.h">
      <Filter>Header Files</Filter>
    </ClInclude>
    <ClInclude Include="GoMoveExecutor.h">
      <Filter>Header Files</Filter>
    </ClInclude>
    <ClInclude Include="GoNodeUtil.h">
      <Filter>Header Files</Filter>
    </ClInclude>
    <ClInclude Include="GoPlayer.h">
      <Filter>Header Files</Filter>
    </ClInclude>
    <ClInclude Include="GoPlayerMove.h">
      <Filter>Header Files</Filter>
    </ClInclude>
    <ClInclude Include="GoRegion.h">
      <Filter>Header Files</Filter>
    </ClInclude>
    <ClInclude Include="GoRegionBoard.h">
      <Filter>Header Files</Filter>
    </ClInclude>
    <ClInclude Include="GoRegionUtil.h">
      <Filter>Header Files</Filter>
    </ClInclude>
    <ClInclude Include="GoRules.h">
      <Filter>Header Files</Filter>
    </ClInclude>
    <ClInclude Include="GoSafetyCommands.h">
      <Filter>Header Files</Filter>
    </ClInclude>
    <ClInclude Include="GoSafetySolver.h">
      <Filter>Header Files</Filter>
    </ClInclude>
    <ClInclude Include="GoSafetyUtil.h">
      <Filter>Header Files</Filter>
    </ClInclude>
    <ClInclude Include="GoSearch.h">
      <Filter>Header Files</Filter>
    </ClInclude>
    <ClInclude Include="GoSetup.h">
      <Filter>Header Files</Filter>
    </ClInclude>
    <ClInclude Include="GoSetupUtil.h">
      <Filter>Header Files</Filter>
    </ClInclude>
    <ClInclude Include="GoSortedMoves.h">
      <Filter>Header Files</Filter>
    </ClInclude>
    <ClInclude Include="GoStaticLadder.h">
      <Filter>Header Files</Filter>
    </ClInclude>
    <ClInclude Include="GoStaticSafetySolver.h">
      <Filter>Header Files</Filter>
    </ClInclude>
    <ClInclude Include="GoTimeControl.h">
      <Filter>Header Files</Filter>
    </ClInclude>
  </ItemGroup>
  <ItemGroup>
    <ClCompile Include="GoUtil.cpp">
      <Filter>Source Files</Filter>
    </ClCompile>
    <ClCompile Include="GoBensonSolver.cpp">
      <Filter>Source Files</Filter>
    </ClCompile>
    <ClCompile Include="GoBlock.cpp">
      <Filter>Source Files</Filter>
    </ClCompile>
    <ClCompile Include="GoBoard.cpp">
      <Filter>Source Files</Filter>
    </ClCompile>
    <ClCompile Include="GoBoardCheckPerformance.cpp">
      <Filter>Source Files</Filter>
    </ClCompile>
    <ClCompile Include="GoBoardHistory.cpp">
      <Filter>Source Files</Filter>
    </ClCompile>
    <ClCompile Include="GoBoardRestorer.cpp">
      <Filter>Source Files</Filter>
    </ClCompile>
    <ClCompile Include="GoBoardSynchronizer.cpp">
      <Filter>Source Files</Filter>
    </ClCompile>
    <ClCompile Include="GoBoardUpdater.cpp">
      <Filter>Source Files</Filter>
    </ClCompile>
    <ClCompile Include="GoBoardUtil.cpp">
      <Filter>Source Files</Filter>
    </ClCompile>
    <ClCompile Include="GoBook.cpp">
      <Filter>Source Files</Filter>
    </ClCompile>
    <ClCompile Include="GoChain.cpp">
      <Filter>Source Files</Filter>
    </ClCompile>
    <ClCompile Include="GoEyeCount.cpp">
      <Filter>Source Files</Filter>
    </ClCompile>
    <ClCompile Include="GoEyeUtil.cpp">
      <Filter>Source Files</Filter>
    </ClCompile>
    <ClCompile Include="GoGame.cpp">
      <Filter>Source Files</Filter>
    </ClCompile>
    <ClCompile Include="GoGtpCommandUtil.cpp">
      <Filter>Source Files</Filter>
    </ClCompile>
    <ClCompile Include="GoGtpEngine.cpp">
      <Filter>Source Files</Filter>
    </ClCompile>
    <ClCompile Include="GoGtpExtraCommands.cpp">
      <Filter>Source Files</Filter>
    </ClCompile>
    <ClCompile Include="GoGtpTimeSettings.cpp">
      <Filter>Source Files</Filter>
    </ClCompile>
    <ClCompile Include="GoInfluence.cpp">
      <Filter>Source Files</Filter>
    </ClCompile>
    <ClCompile Include="GoInit.cpp">
      <Filter>Source Files</Filter>
    </ClCompile>
    <ClCompile Include="GoKomi.cpp">
      <Filter>Source Files</Filter>
    </ClCompile>
    <ClCompile Include="GoLadder.cpp">
      <Filter>Source Files</Filter>
    </ClCompile>
    <ClCompile Include="GoMotive.cpp">
      <Filter>Source Files</Filter>
    </ClCompile>
    <ClCompile Include="GoNodeUtil.cpp">
      <Filter>Source Files</Filter>
    </ClCompile>
    <ClCompile Include="GoPlayer.cpp">
      <Filter>Source Files</Filter>
    </ClCompile>
    <ClCompile Include="GoPlayerMove.cpp">
      <Filter>Source Files</Filter>
    </ClCompile>
    <ClCompile Include="GoRegion.cpp">
      <Filter>Source Files</Filter>
    </ClCompile>
    <ClCompile Include="GoRegionBoard.cpp">
      <Filter>Source Files</Filter>
    </ClCompile>
    <ClCompile Include="GoRegionUtil.cpp">
      <Filter>Source Files</Filter>
    </ClCompile>
    <ClCompile Include="GoRules.cpp">
      <Filter>Source Files</Filter>
    </ClCompile>
    <ClCompile Include="GoSafetyCommands.cpp">
      <Filter>Source Files</Filter>
    </ClCompile>
    <ClCompile Include="GoSafetySolver.cpp">
      <Filter>Source Files</Filter>
    </ClCompile>
    <ClCompile Include="GoSafetyUtil.cpp">
      <Filter>Source Files</Filter>
    </ClCompile>
    <ClCompile Include="GoSearch.cpp">
      <Filter>Source Files</Filter>
    </ClCompile>
    <ClCompile Include="GoSetupUtil.cpp">
      <Filter>Source Files</Filter>
    </ClCompile>
    <ClCompile Include="GoStaticLadder.cpp">
      <Filter>Source Files</Filter>
    </ClCompile>
    <ClCompile Include="GoStaticSafetySolver.cpp">
      <Filter>Source Files</Filter>
    </ClCompile>
    <ClCompile Include="GoTimeControl.cpp">
      <Filter>Source Files</Filter>
    </ClCompile>
  </ItemGroup>
</Project>